
Microsoft Visual Studio Solution File, Format Version 12.00
# Visual Studio Version 17
VisualStudioVersion = 17.13.35931.197
MinimumVisualStudioVersion = 10.0.40219.1
Project("{FAE04EC0-301F-11D3-BF4B-00C04F79EFBC}") = "Irvuewin", "Irvuewin.csproj", "{1BABFDB7-01BA-435C-871E-57DE08E098DF}"
EndProject
Global
	GlobalSection(SolutionConfigurationPlatforms) = preSolution
		Debug|Any CPU = Debug|Any CPU
		Release|Any CPU = Release|Any CPU
	EndGlobalSection
	GlobalSection(ProjectConfigurationPlatforms) = postSolution
		{1BABFDB7-01BA-435C-871E-57DE08E098DF}.Debug|Any CPU.ActiveCfg = Debug|Any CPU
		{1BABFDB7-01BA-435C-871E-57DE08E098DF}.Debug|Any CPU.Build.0 = Debug|Any CPU
		{1BABFDB7-01BA-435C-871E-57DE08E098DF}.Release|Any CPU.ActiveCfg = Release|Any CPU
		{1BABFDB7-01BA-435C-871E-57DE08E098DF}.Release|Any CPU.Build.0 = Release|Any CPU
	EndGlobalSection
	GlobalSection(SolutionProperties) = preSolution
		HideSolutionNode = FALSE
	EndGlobalSection
	GlobalSection(ExtensibilityGlobals) = postSolution
		SolutionGuid = {7706AA74-191B-487F-962B-A20D70731087}
	EndGlobalSection
EndGlobal
